
Microsoft Visual Studio Solution File, Format Version 12.00
# Visual Studio Version 17
VisualStudioVersion = 17.2.32630.192
MinimumVisualStudioVersion = 10.0.40219.1
Project("{FAE04EC0-301F-11D3-BF4B-00C04F79EFBC}") = "VNLoginDLL", "VNLoginDLL\VNLoginDLL.csproj", "{768E4B2D-812F-479B-8911-7E745AE69BAD}"
EndProject
Global
	GlobalSection(SolutionConfigurationPlatforms) = preSolution
		Debug|Any CPU = Debug|Any CPU
		Release|Any CPU = Release|Any CPU
	EndGlobalSection
	GlobalSection(ProjectConfigurationPlatforms) = postSolution
		{768E4B2D-812F-479B-8911-7E745AE69BAD}.Debug|Any CPU.ActiveCfg = Debug|Any CPU
		{768E4B2D-812F-479B-8911-7E745AE69BAD}.Debug|Any CPU.Build.0 = Debug|Any CPU
		{768E4B2D-812F-479B-8911-7E745AE69BAD}.Release|Any CPU.ActiveCfg = Release|Any CPU
		{768E4B2D-812F-479B-8911-7E745AE69BAD}.Release|Any CPU.Build.0 = Release|Any CPU
	EndGlobalSection
	GlobalSection(SolutionProperties) = preSolution
		HideSolutionNode = FALSE
	EndGlobalSection
	GlobalSection(ExtensibilityGlobals) = postSolution
		SolutionGuid = {C19C0F9B-0B5B-4DA9-8387-3850944492CC}
	EndGlobalSection
EndGlobal
